
Microsoft Visual Studio Solution File, Format Version 12.00
# Visual Studio Version 17
VisualStudioVersion = 17.1.32328.378
MinimumVisualStudioVersion = 10.0.40219.1
Project("{9A19103F-16F7-4668-BE54-9A1E7A4F7556}") = "OOP", "OOP\OOP.csproj", "{927A6F06-B01B-452F-93E7-BA7DE95612A5}"
EndProject
Project("{9A19103F-16F7-4668-BE54-9A1E7A4F7556}") = "SportRecordApp", "SportRecordApp\SportRecordApp.csproj", "{3F9DFC74-1476-4612-BE64-08874BBA3EE2}"
EndProject
Project("{9A19103F-16F7-4668-BE54-9A1E7A4F7556}") = "SportRecordLibrary", "SportRecordLibrary\SportRecordLibrary.csproj", "{ED4A336B-EB31-4A40-8EAB-D7DF76F136BD}"
EndProject
Project("{9A19103F-16F7-4668-BE54-9A1E7A4F7556}") = "SportRecordAppWinForm", "SportRecordAppWinForm\SportRecordAppWinForm.csproj", "{11590040-185E-4E99-B118-3E9E75EB4352}"
EndProject
Project("{9A19103F-16F7-4668-BE54-9A1E7A4F7556}") = "EventDemo", "EventDemo\EventDemo.csproj", "{604B647B-638E-4D9E-846B-641979459333}"
EndProject
Project("{9A19103F-16F7-4668-BE54-9A1E7A4F7556}") = "ExceptionHandlingDemo", "ExceptionHandlingDemo\ExceptionHandlingDemo.csproj", "{94067322-F439-40B3-A9E0-A747AAB30E12}"
EndProject
Project("{9A19103F-16F7-4668-BE54-9A1E7A4F7556}") = "InputOutput", "InputOutput\InputOutput.csproj", "{3A18E3E9-4B14-4E74-9701-3B08E9587D8B}"
EndProject
Project("{9A19103F-16F7-4668-BE54-9A1E7A4F7556}") = "LinqDemo", "LinqDemo\LinqDemo.csproj", "{198B7F79-DA4E-48E7-B1E5-A0AE2F51A4B9}"
EndProject
Project("{9A19103F-16F7-4668-BE54-9A1E7A4F7556}") = "DeferedExecutionDemo", "DeferedExecutionDemo\DeferedExecutionDemo.csproj", "{047EE831-99D7-4CF3-80CE-9AE5B3FA8257}"
EndProject
Project("{FAE04EC0-301F-11D3-BF4B-00C04F79EFBC}") = "Entities", "Entities\Entities.csproj", "{FDC720FD-07BA-4A99-8261-A5ED9363F2C4}"
EndProject
Global
	GlobalSection(SolutionConfigurationPlatforms) = preSolution
		Debug|Any CPU = Debug|Any CPU
		Release|Any CPU = Release|Any CPU
	EndGlobalSection
	GlobalSection(ProjectConfigurationPlatforms) = postSolution
		{927A6F06-B01B-452F-93E7-BA7DE95612A5}.Debug|Any CPU.ActiveCfg = Debug|Any CPU
		{927A6F06-B01B-452F-93E7-BA7DE95612A5}.Debug|Any CPU.Build.0 = Debug|Any CPU
		{927A6F06-B01B-452F-93E7-BA7DE95612A5}.Release|Any CPU.ActiveCfg = Release|Any CPU
		{927A6F06-B01B-452F-93E7-BA7DE95612A5}.Release|Any CPU.Build.0 = Release|Any CPU
		{3F9DFC74-1476-4612-BE64-08874BBA3EE2}.Debug|Any CPU.ActiveCfg = Debug|Any CPU
		{3F9DFC74-1476-4612-BE64-08874BBA3EE2}.Debug|Any CPU.Build.0 = Debug|Any CPU
		{3F9DFC74-1476-4612-BE64-08874BBA3EE2}.Release|Any CPU.ActiveCfg = Release|Any CPU
		{3F9DFC74-1476-4612-BE64-08874BBA3EE2}.Release|Any CPU.Build.0 = Release|Any CPU
		{ED4A336B-EB31-4A40-8EAB-D7DF76F136BD}.Debug|Any CPU.ActiveCfg = Debug|Any CPU
		{ED4A336B-EB31-4A40-8EAB-D7DF76F136BD}.Debug|Any CPU.Build.0 = Debug|Any CPU
		{ED4A336B-EB31-4A40-8EAB-D7DF76F136BD}.Release|Any CPU.ActiveCfg = Release|Any CPU
		{ED4A336B-EB31-4A40-8EAB-D7DF76F136BD}.Release|Any CPU.Build.0 = Release|Any CPU
		{11590040-185E-4E99-B118-3E9E75EB4352}.Debug|Any CPU.ActiveCfg = Debug|Any CPU
		{11590040-185E-4E99-B118-3E9E75EB4352}.Debug|Any CPU.Build.0 = Debug|Any CPU
		{11590040-185E-4E99-B118-3E9E75EB4352}.Release|Any CPU.ActiveCfg = Release|Any CPU
		{11590040-185E-4E99-B118-3E9E75EB4352}.Release|Any CPU.Build.0 = Release|Any CPU
		{604B647B-638E-4D9E-846B-641979459333}.Debug|Any CPU.ActiveCfg = Debug|Any CPU
		{604B647B-638E-4D9E-846B-641979459333}.Debug|Any CPU.Build.0 = Debug|Any CPU
		{604B647B-638E-4D9E-846B-641979459333}.Release|Any CPU.ActiveCfg = Release|Any CPU
		{604B647B-638E-4D9E-846B-641979459333}.Release|Any CPU.Build.0 = Release|Any CPU
		{94067322-F439-40B3-A9E0-A747AAB30E12}.Debug|Any CPU.ActiveCfg = Debug|Any CPU
		{94067322-F439-40B3-A9E0-A747AAB30E12}.Debug|Any CPU.Build.0 = Debug|Any CPU
		{94067322-F439-40B3-A9E0-A747AAB30E12}.Release|Any CPU.ActiveCfg = Release|Any CPU
		{94067322-F439-40B3-A9E0-A747AAB30E12}.Release|Any CPU.Build.0 = Release|Any CPU
		{3A18E3E9-4B14-4E74-9701-3B08E9587D8B}.Debug|Any CPU.ActiveCfg = Debug|Any CPU
		{3A18E3E9-4B14-4E74-9701-3B08E9587D8B}.Debug|Any CPU.Build.0 = Debug|Any CPU
		{3A18E3E9-4B14-4E74-9701-3B08E9587D8B}.Release|Any CPU.ActiveCfg = Release|Any CPU
		{3A18E3E9-4B14-4E74-9701-3B08E9587D8B}.Release|Any CPU.Build.0 = Release|Any CPU
		{198B7F79-DA4E-48E7-B1E5-A0AE2F51A4B9}.Debug|Any CPU.ActiveCfg = Debug|Any CPU
		{198B7F79-DA4E-48E7-B1E5-A0AE2F51A4B9}.Debug|Any CPU.Build.0 = Debug|Any CPU
		{198B7F79-DA4E-48E7-B1E5-A0AE2F51A4B9}.Release|Any CPU.ActiveCfg = Release|Any CPU
		{198B7F79-DA4E-48E7-B1E5-A0AE2F51A4B9}.Release|Any CPU.Build.0 = Release|Any CPU
		{047EE831-99D7-4CF3-80CE-9AE5B3FA8257}.Debug|Any CPU.ActiveCfg = Debug|Any CPU
		{047EE831-99D7-4CF3-80CE-9AE5B3FA8257}.Debug|Any CPU.Build.0 = Debug|Any CPU
		{047EE831-99D7-4CF3-80CE-9AE5B3FA8257}.Release|Any CPU.ActiveCfg = Release|Any CPU
		{047EE831-99D7-4CF3-80CE-9AE5B3FA8257}.Release|Any CPU.Build.0 = Release|Any CPU
		{FDC720FD-07BA-4A99-8261-A5ED9363F2C4}.Debug|Any CPU.ActiveCfg = Debug|Any CPU
		{FDC720FD-07BA-4A99-8261-A5ED9363F2C4}.Debug|Any CPU.Build.0 = Debug|Any CPU
		{FDC720FD-07BA-4A99-8261-A5ED9363F2C4}.Release|Any CPU.ActiveCfg = Release|Any CPU
		{FDC720FD-07BA-4A99-8261-A5ED9363F2C4}.Release|Any CPU.Build.0 = Release|Any CPU
	EndGlobalSection
	GlobalSection(SolutionProperties) = preSolution
		HideSolutionNode = FALSE
	EndGlobalSection
	GlobalSection(ExtensibilityGlobals) = postSolution
		SolutionGuid = {4A63744C-124D-461B-8C40-30C0D0945743}
	EndGlobalSection
EndGlobal
